
Microsoft Visual Studio Solution File, Format Version 12.00
# Visual Studio 15
VisualStudioVersion = 15.0.26730.12
MinimumVisualStudioVersion = 10.0.40219.1
Project("{8BC9CEB8-8B4A-11D0-8D11-00A0C91BC942}") = "ExercicioFamUm", "ExercicioFamUm\ExercicioFamUm.vcxproj", "{143BCDA0-6796-4C6F-90E1-AEF11DFCFCFB}"
EndProject
Project("{8BC9CEB8-8B4A-11D0-8D11-00A0C91BC942}") = "ExercicioFamDois", "ExercicioFamDois\ExercicioFamDois.vcxproj", "{214D182F-9B79-455C-8A7C-06EEEA0883D5}"
EndProject
Project("{8BC9CEB8-8B4A-11D0-8D11-00A0C91BC942}") = "ExercicioFamTres", "ExercicioFamTres\ExercicioFamTres.vcxproj", "{CD29E9E4-F423-412C-9658-52ADDE5D13BB}"
EndProject
Project("{8BC9CEB8-8B4A-11D0-8D11-00A0C91BC942}") = "ExercicioFamQuatro", "ExercicioFamQuatro\ExercicioFamQuatro.vcxproj", "{FA175B88-37A1-4715-96E3-5CD0C99334DB}"
EndProject
Project("{2150E333-8FDC-42A3-9474-1A3956D46DE8}") = "KrisJamsaLarsKandler", "KrisJamsaLarsKandler", "{067EA5A0-7318-43B3-81EC-E4309717B1EB}"
EndProject
Project("{8BC9CEB8-8B4A-11D0-8D11-00A0C91BC942}") = "ExemplosTecnicas", "ExemplosTecnicas\ExemplosTecnicas.vcxproj", "{F78C7A1E-3A58-49E1-8C0C-209A0D3F5EA6}"
EndProject
Project("{2150E333-8FDC-42A3-9474-1A3956D46DE8}") = "Atividades", "Atividades", "{CD57EE6E-442E-4C2D-82B3-26B007EE7299}"
EndProject
Project("{8BC9CEB8-8B4A-11D0-8D11-00A0C91BC942}") = "AtividadesUmDiversos", "AtividadesUmDiversos\AtividadesUmDiversos.vcxproj", "{E673829F-35EB-4C83-857E-D843E9D72A7A}"
EndProject
Project("{2150E333-8FDC-42A3-9474-1A3956D46DE8}") = "ExerciciosFAM", "ExerciciosFAM", "{1B9949F0-1EC1-49EB-8FEB-13E4B4B01586}"
EndProject
Project("{8BC9CEB8-8B4A-11D0-8D11-00A0C91BC942}") = "ExercicioFamSeis", "ExercicioFamSeis\ExercicioFamSeis.vcxproj", "{5B4A9AED-2273-4C06-A016-F29C9652EC85}"
EndProject
Project("{8BC9CEB8-8B4A-11D0-8D11-00A0C91BC942}") = "ExercicioFamSete", "ExercicioFamSete\ExercicioFamSete.vcxproj", "{D3197887-718A-4C85-9D9D-2DE860A81B0B}"
EndProject
Global
	GlobalSection(SolutionConfigurationPlatforms) = preSolution
		Debug|x64 = Debug|x64
		Debug|x86 = Debug|x86
		Release|x64 = Release|x64
		Release|x86 = Release|x86
	EndGlobalSection
	GlobalSection(ProjectConfigurationPlatforms) = postSolution
		{143BCDA0-6796-4C6F-90E1-AEF11DFCFCFB}.Debug|x64.ActiveCfg = Debug|x64
		{143BCDA0-6796-4C6F-90E1-AEF11DFCFCFB}.Debug|x64.Build.0 = Debug|x64
		{143BCDA0-6796-4C6F-90E1-AEF11DFCFCFB}.Debug|x86.ActiveCfg = Debug|Win32
		{143BCDA0-6796-4C6F-90E1-AEF11DFCFCFB}.Debug|x86.Build.0 = Debug|Win32
		{143BCDA0-6796-4C6F-90E1-AEF11DFCFCFB}.Release|x64.ActiveCfg = Release|x64
		{143BCDA0-6796-4C6F-90E1-AEF11DFCFCFB}.Release|x64.Build.0 = Release|x64
		{143BCDA0-6796-4C6F-90E1-AEF11DFCFCFB}.Release|x86.ActiveCfg = Release|Win32
		{143BCDA0-6796-4C6F-90E1-AEF11DFCFCFB}.Release|x86.Build.0 = Release|Win32
		{214D182F-9B79-455C-8A7C-06EEEA0883D5}.Debug|x64.ActiveCfg = Debug|x64
		{214D182F-9B79-455C-8A7C-06EEEA0883D5}.Debug|x64.Build.0 = Debug|x64
		{214D182F-9B79-455C-8A7C-06EEEA0883D5}.Debug|x86.ActiveCfg = Debug|Win32
		{214D182F-9B79-455C-8A7C-06EEEA0883D5}.Debug|x86.Build.0 = Debug|Win32
		{214D182F-9B79-455C-8A7C-06EEEA0883D5}.Release|x64.ActiveCfg = Release|x64
		{214D182F-9B79-455C-8A7C-06EEEA0883D5}.Release|x64.Build.0 = Release|x64
		{214D182F-9B79-455C-8A7C-06EEEA0883D5}.Release|x86.ActiveCfg = Release|Win32
		{214D182F-9B79-455C-8A7C-06EEEA0883D5}.Release|x86.Build.0 = Release|Win32
		{CD29E9E4-F423-412C-9658-52ADDE5D13BB}.Debug|x64.ActiveCfg = Debug|x64
		{CD29E9E4-F423-412C-9658-52ADDE5D13BB}.Debug|x64.Build.0 = Debug|x64
		{CD29E9E4-F423-412C-9658-52ADDE5D13BB}.Debug|x86.ActiveCfg = Debug|Win32
		{CD29E9E4-F423-412C-9658-52ADDE5D13BB}.Debug|x86.Build.0 = Debug|Win32
		{CD29E9E4-F423-412C-9658-52ADDE5D13BB}.Release|x64.ActiveCfg = Release|x64
		{CD29E9E4-F423-412C-9658-52ADDE5D13BB}.Release|x64.Build.0 = Release|x64
		{CD29E9E4-F423-412C-9658-52ADDE5D13BB}.Release|x86.ActiveCfg = Release|Win32
		{CD29E9E4-F423-412C-9658-52ADDE5D13BB}.Release|x86.Build.0 = Release|Win32
		{FA175B88-37A1-4715-96E3-5CD0C99334DB}.Debug|x64.ActiveCfg = Debug|x64
		{FA175B88-37A1-4715-96E3-5CD0C99334DB}.Debug|x64.Build.0 = Debug|x64
		{FA175B88-37A1-4715-96E3-5CD0C99334DB}.Debug|x86.ActiveCfg = Debug|Win32
		{FA175B88-37A1-4715-96E3-5CD0C99334DB}.Debug|x86.Build.0 = Debug|Win32
		{FA175B88-37A1-4715-96E3-5CD0C99334DB}.Release|x64.ActiveCfg = Release|x64
		{FA175B88-37A1-4715-96E3-5CD0C99334DB}.Release|x64.Build.0 = Release|x64
		{FA175B88-37A1-4715-96E3-5CD0C99334DB}.Release|x86.ActiveCfg = Release|Win32
		{FA175B88-37A1-4715-96E3-5CD0C99334DB}.Release|x86.Build.0 = Release|Win32
		{F78C7A1E-3A58-49E1-8C0C-209A0D3F5EA6}.Debug|x64.ActiveCfg = Debug|x64
		{F78C7A1E-3A58-49E1-8C0C-209A0D3F5EA6}.Debug|x64.Build.0 = Debug|x64
		{F78C7A1E-3A58-49E1-8C0C-209A0D3F5EA6}.Debug|x86.ActiveCfg = Debug|Win32
		{F78C7A1E-3A58-49E1-8C0C-209A0D3F5EA6}.Debug|x86.Build.0 = Debug|Win32
		{F78C7A1E-3A58-49E1-8C0C-209A0D3F5EA6}.Release|x64.ActiveCfg = Release|x64
		{F78C7A1E-3A58-49E1-8C0C-209A0D3F5EA6}.Release|x64.Build.0 = Release|x64
		{F78C7A1E-3A58-49E1-8C0C-209A0D3F5EA6}.Release|x86.ActiveCfg = Release|Win32
		{F78C7A1E-3A58-49E1-8C0C-209A0D3F5EA6}.Release|x86.Build.0 = Release|Win32
		{E673829F-35EB-4C83-857E-D843E9D72A7A}.Debug|x64.ActiveCfg = Debug|x64
		{E673829F-35EB-4C83-857E-D843E9D72A7A}.Debug|x64.Build.0 = Debug|x64
		{E673829F-35EB-4C83-857E-D843E9D72A7A}.Debug|x86.ActiveCfg = Debug|Win32
		{E673829F-35EB-4C83-857E-D843E9D72A7A}.Debug|x86.Build.0 = Debug|Win32
		{E673829F-35EB-4C83-857E-D843E9D72A7A}.Release|x64.ActiveCfg = Release|x64
		{E673829F-35EB-4C83-857E-D843E9D72A7A}.Release|x64.Build.0 = Release|x64
		{E673829F-35EB-4C83-857E-D843E9D72A7A}.Release|x86.ActiveCfg = Release|Win32
		{E673829F-35EB-4C83-857E-D843E9D72A7A}.Release|x86.Build.0 = Release|Win32
		{5B4A9AED-2273-4C06-A016-F29C9652EC85}.Debug|x64.ActiveCfg = Debug|x64
		{5B4A9AED-2273-4C06-A016-F29C9652EC85}.Debug|x64.Build.0 = Debug|x64
		{5B4A9AED-2273-4C06-A016-F29C9652EC85}.Debug|x86.ActiveCfg = Debug|Win32
		{5B4A9AED-2273-4C06-A016-F29C9652EC85}.Debug|x86.Build.0 = Debug|Win32
		{5B4A9AED-2273-4C06-A016-F29C9652EC85}.Release|x64.ActiveCfg = Release|x64
		{5B4A9AED-2273-4C06-A016-F29C9652EC85}.Release|x64.Build.0 = Release|x64
		{5B4A9AED-2273-4C06-A016-F29C9652EC85}.Release|x86.ActiveCfg = Release|Win32
		{5B4A9AED-2273-4C06-A016-F29C9652EC85}.Release|x86.Build.0 = Release|Win32
		{D3197887-718A-4C85-9D9D-2DE860A81B0B}.Debug|x64.ActiveCfg = Debug|x64
		{D3197887-718A-4C85-9D9D-2DE860A81B0B}.Debug|x64.Build.0 = Debug|x64
		{D3197887-718A-4C85-9D9D-2DE860A81B0B}.Debug|x86.ActiveCfg = Debug|Win32
		{D3197887-718A-4C85-9D9D-2DE860A81B0B}.Debug|x86.Build.0 = Debug|Win32
		{D3197887-718A-4C85-9D9D-2DE860A81B0B}.Release|x64.ActiveCfg = Release|x64
		{D3197887-718A-4C85-9D9D-2DE860A81B0B}.Release|x64.Build.0 = Release|x64
		{D3197887-718A-4C85-9D9D-2DE860A81B0B}.Release|x86.ActiveCfg = Release|Win32
		{D3197887-718A-4C85-9D9D-2DE860A81B0B}.Release|x86.Build.0 = Release|Win32
	EndGlobalSection
	GlobalSection(SolutionProperties) = preSolution
		HideSolutionNode = FALSE
	EndGlobalSection
	GlobalSection(NestedProjects) = preSolution
		{143BCDA0-6796-4C6F-90E1-AEF11DFCFCFB} = {1B9949F0-1EC1-49EB-8FEB-13E4B4B01586}
		{214D182F-9B79-455C-8A7C-06EEEA0883D5} = {1B9949F0-1EC1-49EB-8FEB-13E4B4B01586}
		{CD29E9E4-F423-412C-9658-52ADDE5D13BB} = {1B9949F0-1EC1-49EB-8FEB-13E4B4B01586}
		{FA175B88-37A1-4715-96E3-5CD0C99334DB} = {1B9949F0-1EC1-49EB-8FEB-13E4B4B01586}
		{F78C7A1E-3A58-49E1-8C0C-209A0D3F5EA6} = {067EA5A0-7318-43B3-81EC-E4309717B1EB}
		{E673829F-35EB-4C83-857E-D843E9D72A7A} = {CD57EE6E-442E-4C2D-82B3-26B007EE7299}
		{5B4A9AED-2273-4C06-A016-F29C9652EC85} = {1B9949F0-1EC1-49EB-8FEB-13E4B4B01586}
		{D3197887-718A-4C85-9D9D-2DE860A81B0B} = {1B9949F0-1EC1-49EB-8FEB-13E4B4B01586}
	EndGlobalSection
	GlobalSection(ExtensibilityGlobals) = postSolution
		SolutionGuid = {AB5F49F2-01D3-455F-9D88-DB752A4A846E}
	EndGlobalSection
EndGlobal
